
Microsoft Visual Studio Solution File, Format Version 12.00
# Visual Studio Version 16
VisualStudioVersion = 16.0.31729.503
MinimumVisualStudioVersion = 10.0.40219.1
Project("{FAE04EC0-301F-11D3-BF4B-00C04F79EFBC}") = "StringReverse", "StringReverse\StringReverse.csproj", "{BC33C966-2B63-4EDA-8C2F-708AB0927153}"
EndProject
Global
	GlobalSection(SolutionConfigurationPlatforms) = preSolution
		Debug|Any CPU = Debug|Any CPU
		Release|Any CPU = Release|Any CPU
	EndGlobalSection
	GlobalSection(ProjectConfigurationPlatforms) = postSolution
		{BC33C966-2B63-4EDA-8C2F-708AB0927153}.Debug|Any CPU.ActiveCfg = Debug|Any CPU
		{BC33C966-2B63-4EDA-8C2F-708AB0927153}.Debug|Any CPU.Build.0 = Debug|Any CPU
		{BC33C966-2B63-4EDA-8C2F-708AB0927153}.Release|Any CPU.ActiveCfg = Release|Any CPU
		{BC33C966-2B63-4EDA-8C2F-708AB0927153}.Release|Any CPU.Build.0 = Release|Any CPU
	EndGlobalSection
	GlobalSection(SolutionProperties) = preSolution
		HideSolutionNode = FALSE
	EndGlobalSection
	GlobalSection(ExtensibilityGlobals) = postSolution
		SolutionGuid = {759B7211-1014-4178-AEEC-8932C9CA577D}
	EndGlobalSection
EndGlobal
